Microsoft Visual Studio Solution File, Format Version 12.00
# Visual Studio Version 17
VisualStudioVersion = 17.5.2.0
MinimumVisualStudioVersion = 10.0.40219.1
Project("{FAE04EC0-301F-11D3-BF4B-00C04F79EFBC}") = "ReviFlash", "ReviFlash.csproj", "{E252E507-BCD9-27A0-5A23-43BA052D67FF}"
EndProject
Global
	GlobalSection(SolutionConfigurationPlatforms) = preSolution
		Debug|Any CPU = Debug|Any CPU
		Release|Any CPU = Release|Any CPU
	EndGlobalSection
	GlobalSection(ProjectConfigurationPlatforms) = postSolution
		{E252E507-BCD9-27A0-5A23-43BA052D67FF}.Debug|Any CPU.ActiveCfg = Debug|Any CPU
		{E252E507-BCD9-27A0-5A23-43BA052D67FF}.Debug|Any CPU.Build.0 = Debug|Any CPU
		{E252E507-BCD9-27A0-5A23-43BA052D67FF}.Release|Any CPU.ActiveCfg = Release|Any CPU
		{E252E507-BCD9-27A0-5A23-43BA052D67FF}.Release|Any CPU.Build.0 = Release|Any CPU
	EndGlobalSection
	GlobalSection(SolutionProperties) = preSolution
		HideSolutionNode = FALSE
	EndGlobalSection
	GlobalSection(ExtensibilityGlobals) = postSolution
		SolutionGuid = {AA435560-0D49-4586-8BE5-FF59526D2754}
	EndGlobalSection
EndGlobal
